
Microsoft Visual Studio Solution File, Format Version 12.00
# Visual Studio Version 17
VisualStudioVersion = 17.10.34928.147
MinimumVisualStudioVersion = 10.0.40219.1
Project("{FAE04EC0-301F-11D3-BF4B-00C04F79EFBC}") = "NZWalksAPI", "NZWalksAPI\NZWalksAPI.csproj", "{5D65FC9B-E091-4D21-A491-6C5F34B5FD02}"
EndProject
Global
	GlobalSection(SolutionConfigurationPlatforms) = preSolution
		Debug|Any CPU = Debug|Any CPU
		Release|Any CPU = Release|Any CPU
	EndGlobalSection
	GlobalSection(ProjectConfigurationPlatforms) = postSolution
		{5D65FC9B-E091-4D21-A491-6C5F34B5FD02}.Debug|Any CPU.ActiveCfg = Debug|Any CPU
		{5D65FC9B-E091-4D21-A491-6C5F34B5FD02}.Debug|Any CPU.Build.0 = Debug|Any CPU
		{5D65FC9B-E091-4D21-A491-6C5F34B5FD02}.Release|Any CPU.ActiveCfg = Release|Any CPU
		{5D65FC9B-E091-4D21-A491-6C5F34B5FD02}.Release|Any CPU.Build.0 = Release|Any CPU
	EndGlobalSection
	GlobalSection(SolutionProperties) = preSolution
		HideSolutionNode = FALSE
	EndGlobalSection
	GlobalSection(ExtensibilityGlobals) = postSolution
		SolutionGuid = {E7D92B38-3431-4464-930B-E37C0B45911C}
	EndGlobalSection
EndGlobal
